
Microsoft Visual Studio Solution File, Format Version 12.00
# Visual Studio 14
VisualStudioVersion = 14.0.25420.1
MinimumVisualStudioVersion = 10.0.40219.1
Project("{FAE04EC0-301F-11D3-BF4B-00C04F79EFBC}") = "PIDataReaderCommons", "..\PIDataReaderCommons\PIDataReaderCommons.csproj", "{E0FB4D5B-4EE0-4173-9D83-EE1A85046CF2}"
EndProject
Project("{FAE04EC0-301F-11D3-BF4B-00C04F79EFBC}") = "PIDataReaderExe", "..\PIDataReaderExe\PIDataReaderExe.csproj", "{B992DD5D-527D-4CD2-9B7E-3CB7DD564B44}"
EndProject
Project("{FAE04EC0-301F-11D3-BF4B-00C04F79EFBC}") = "PIDataReaderSvc", "..\PIDataReaderSvc\PIDataReaderSvc.csproj", "{00FE67BA-E1E9-4BF8-BC3A-BF927DFBE39F}"
EndProject
Project("{54435603-DBB4-11D2-8724-00A0C9A8B90C}") = "PIDataReaderSetup", "..\PIDataReaderSetup\PIDataReaderSetup.vdproj", "{789C38ED-9136-44C9-A23F-C5AB6F11D1AF}"
EndProject
Project("{FAE04EC0-301F-11D3-BF4B-00C04F79EFBC}") = "PIDataReaderLib", "..\..\PIDataReaderLib\PIDataReaderLib.csproj", "{BCB73F65-8A88-481D-A829-D56B0DA90843}"
EndProject
Global
	GlobalSection(SolutionConfigurationPlatforms) = preSolution
		Debug|Any CPU = Debug|Any CPU
		Release|Any CPU = Release|Any CPU
	EndGlobalSection
	GlobalSection(ProjectConfigurationPlatforms) = postSolution
		{E0FB4D5B-4EE0-4173-9D83-EE1A85046CF2}.Debug|Any CPU.ActiveCfg = Debug|Any CPU
		{E0FB4D5B-4EE0-4173-9D83-EE1A85046CF2}.Debug|Any CPU.Build.0 = Debug|Any CPU
		{E0FB4D5B-4EE0-4173-9D83-EE1A85046CF2}.Release|Any CPU.ActiveCfg = Release|Any CPU
		{E0FB4D5B-4EE0-4173-9D83-EE1A85046CF2}.Release|Any CPU.Build.0 = Release|Any CPU
		{B992DD5D-527D-4CD2-9B7E-3CB7DD564B44}.Debug|Any CPU.ActiveCfg = Debug|Any CPU
		{B992DD5D-527D-4CD2-9B7E-3CB7DD564B44}.Debug|Any CPU.Build.0 = Debug|Any CPU
		{B992DD5D-527D-4CD2-9B7E-3CB7DD564B44}.Release|Any CPU.ActiveCfg = Release|Any CPU
		{B992DD5D-527D-4CD2-9B7E-3CB7DD564B44}.Release|Any CPU.Build.0 = Release|Any CPU
		{00FE67BA-E1E9-4BF8-BC3A-BF927DFBE39F}.Debug|Any CPU.ActiveCfg = Debug|Any CPU
		{00FE67BA-E1E9-4BF8-BC3A-BF927DFBE39F}.Debug|Any CPU.Build.0 = Debug|Any CPU
		{00FE67BA-E1E9-4BF8-BC3A-BF927DFBE39F}.Release|Any CPU.ActiveCfg = Release|Any CPU
		{00FE67BA-E1E9-4BF8-BC3A-BF927DFBE39F}.Release|Any CPU.Build.0 = Release|Any CPU
		{789C38ED-9136-44C9-A23F-C5AB6F11D1AF}.Debug|Any CPU.ActiveCfg = Debug
		{789C38ED-9136-44C9-A23F-C5AB6F11D1AF}.Debug|Any CPU.Build.0 = Debug
		{789C38ED-9136-44C9-A23F-C5AB6F11D1AF}.Release|Any CPU.ActiveCfg = Release
		{789C38ED-9136-44C9-A23F-C5AB6F11D1AF}.Release|Any CPU.Build.0 = Release
		{BCB73F65-8A88-481D-A829-D56B0DA90843}.Debug|Any CPU.ActiveCfg = Debug|Any CPU
		{BCB73F65-8A88-481D-A829-D56B0DA90843}.Debug|Any CPU.Build.0 = Debug|Any CPU
		{BCB73F65-8A88-481D-A829-D56B0DA90843}.Release|Any CPU.ActiveCfg = Release|Any CPU
		{BCB73F65-8A88-481D-A829-D56B0DA90843}.Release|Any CPU.Build.0 = Release|Any CPU
	EndGlobalSection
	GlobalSection(SolutionProperties) = preSolution
		HideSolutionNode = FALSE
	EndGlobalSection
EndGlobal
